
Microsoft Visual Studio Solution File, Format Version 12.00
# Visual Studio Version 17
VisualStudioVersion = 17.5.33424.131
MinimumVisualStudioVersion = 10.0.40219.1
Project("{FAE04EC0-301F-11D3-BF4B-00C04F79EFBC}") = "WineriesApp.Api", "src", "WineriesApp.Api\WineriesApp.Api.csproj", "{27EF2A5E-CA84-4486-A0F2-00659ACD3C6A}"
EndProject
Global
	GlobalSection(SolutionConfigurationPlatforms) = preSolution
		Debug|Any CPU = Debug|Any CPU
		Release|Any CPU = Release|Any CPU
	EndGlobalSection
	GlobalSection(ProjectConfigurationPlatforms) = postSolution
		{27EF2A5E-CA84-4486-A0F2-00659ACD3C6A}.Debug|Any CPU.ActiveCfg = Debug|Any CPU
		{27EF2A5E-CA84-4486-A0F2-00659ACD3C6A}.Debug|Any CPU.Build.0 = Debug|Any CPU
		{27EF2A5E-CA84-4486-A0F2-00659ACD3C6A}.Release|Any CPU.ActiveCfg = Release|Any CPU
		{27EF2A5E-CA84-4486-A0F2-00659ACD3C6A}.Release|Any CPU.Build.0 = Release|Any CPU
	EndGlobalSection
	GlobalSection(SolutionProperties) = preSolution
		HideSolutionNode = FALSE
	EndGlobalSection
	GlobalSection(ExtensibilityGlobals) = postSolution
		SolutionGuid = {4AEA4579-B897-49B9-9955-794F4854A399}
	EndGlobalSection
EndGlobal
